<?xml version="1.0" encoding="utf-8"?>
<Project ToolsVersion="4.0" xmlns="http://schemas.microsoft.com/developer/msbuild/2003">
  <ItemGroup>
    <Filter Include="Archivos de origen">
      <UniqueIdentifier>{4FC737F1-C7A5-4376-A066-2A32D752A2FF}</UniqueIdentifier>
      <Extensions>cpp;c;cc;cxx;def;odl;idl;hpj;bat;asm;asmx</Extensions>
    </Filter>
    <Filter Include="Archivos de encabezado">
      <UniqueIdentifier>{93995380-89BD-4b04-88EB-625FBE52EBFB}</UniqueIdentifier>
      <Extensions>h;hh;hpp;hxx;hm;inl;inc;ipp;xsd</Extensions>
    </Filter>
    <Filter Include="Archivos de recursos">
      <UniqueIdentifier>{67DA6AB6-F800-4c08-8B7A-83BB121AAD01}</UniqueIdentifier>
      <Extensions>rc;ico;cur;bmp;dlg;rc2;rct;bin;rgs;gif;jpg;jpeg;jpe;resx;tiff;tif;png;wav;mfcribbon-ms</Extensions>
    </Filter>
    <Filter Include="Archivos de recursos\shaders">
      <UniqueIdentifier>{1cc35db7-73a6-4b07-b392-dcb7d6f7b0f6}</UniqueIdentifier>
    </Filter>
    <Filter Include="Archivos de recursos\textures">
      <UniqueIdentifier>{4fa169c7-56f5-483a-85bc-4904f6dc7b97}</UniqueIdentifier>
    </Filter>
  </ItemGroup>
  <ItemGroup>
    <ClCompile Include="main.cpp">
      <Filter>Archivos de recursos</Filter>
    </ClCompile>
    <ClCompile Include="vulkan_app.cpp">
      <Filter>Archivos de origen</Filter>
    </ClCompile>
    <ClCompile Include="rt_vulkan_app.cpp">
      <Filter>Archivos de origen</Filter>
    </ClCompile>
    <ClCompile Include="camera.cpp">
      <Filter>Archivos de origen</Filter>
    </ClCompile>
    <ClCompile Include="texture.cpp">
      <Filter>Archivos de origen</Filter>
    </ClCompile>
    <ClCompile Include="buffer.cpp">
      <Filter>Archivos de origen</Filter>
    </ClCompile>
    <ClCompile Include="util.cpp">
      <Filter>Archivos de origen</Filter>
    </ClCompile>
    <ClCompile Include="command.cpp">
      <Filter>Archivos de origen</Filter>
    </ClCompile>
    <ClCompile Include="cube_map.cpp">
      <Filter>Archivos de origen</Filter>
    </ClCompile>
    <ClCompile Include="texture_2D.cpp">
      <Filter>Archivos de origen</Filter>
    </ClCompile>
    <ClCompile Include="..\libraries\imgui\imgui.cpp">
      <Filter>Archivos de origen</Filter>
    </ClCompile>
    <ClCompile Include="..\libraries\imgui\imgui_demo.cpp">
      <Filter>Archivos de origen</Filter>
    </ClCompile>
    <ClCompile Include="..\libraries\imgui\imgui_draw.cpp">
      <Filter>Archivos de origen</Filter>
    </ClCompile>
    <ClCompile Include="..\libraries\imgui\imgui_tables.cpp">
      <Filter>Archivos de origen</Filter>
    </ClCompile>
    <ClCompile Include="..\libraries\imgui\imgui_widgets.cpp">
      <Filter>Archivos de origen</Filter>
    </ClCompile>
    <ClCompile Include="..\libraries\imgui\backends\imgui_impl_glfw.cpp">
      <Filter>Archivos de origen</Filter>
    </ClCompile>
    <ClCompile Include="..\libraries\imgui\backends\imgui_impl_vulkan.cpp">
      <Filter>Archivos de origen</Filter>
    </ClCompile>
    <ClCompile Include="material.cpp">
      <Filter>Archivos de origen</Filter>
    </ClCompile>
    <ClCompile Include="ui.cpp">
      <Filter>Archivos de origen</Filter>
    </ClCompile>
    <ClCompile Include="state.cpp">
      <Filter>Archivos de origen</Filter>
    </ClCompile>
  </ItemGroup>
  <ItemGroup>
    <None Include="cpp.hint" />
    <None Include="shaders\closesthit.rchit">
      <Filter>Archivos de recursos\shaders</Filter>
    </None>
    <None Include="shaders\miss.rmiss">
      <Filter>Archivos de recursos\shaders</Filter>
    </None>
    <None Include="shaders\raygen.rgen">
      <Filter>Archivos de recursos\shaders</Filter>
    </None>
    <None Include="shaders\missShadow.rmiss">
      <Filter>Archivos de recursos\shaders</Filter>
    </None>
    <None Include=".clang-format" />
    <None Include="..\libraries\imgui\imgui_impl_metal.mm" />
    <None Include="..\libraries\imgui\imgui_impl_osx.mm" />
    <None Include="shaders\ndf\ggx.glsl" />
    <None Include="shaders\materials\common.glsl">
      <Filter>Archivos de recursos\shaders</Filter>
    </None>
    <None Include="shaders\materials\rough.glsl">
      <Filter>Archivos de recursos\shaders</Filter>
    </None>
    <None Include="shaders\compile.bat">
      <Filter>Archivos de recursos\shaders</Filter>
    </None>
    <None Include="shaders\constants.glsl">
      <Filter>Archivos de recursos\shaders</Filter>
    </None>
    <None Include="shaders\rng.glsl">
      <Filter>Archivos de recursos\shaders</Filter>
    </None>
    <None Include="shaders\struct.glsl">
      <Filter>Archivos de recursos\shaders</Filter>
    </None>
    <None Include="shaders\util.glsl">
      <Filter>Archivos de recursos\shaders</Filter>
    </None>
    <None Include="shaders\weight.glsl">
      <Filter>Archivos de recursos\shaders</Filter>
    </None>
  </ItemGroup>
  <ItemGroup>
    <Image Include="texture.jpg">
      <Filter>Archivos de recursos\textures</Filter>
    </Image>
  </ItemGroup>
  <ItemGroup>
    <ClInclude Include="vulkan_app.h">
      <Filter>Archivos de encabezado</Filter>
    </ClInclude>
    <ClInclude Include="main.h">
      <Filter>Archivos de encabezado</Filter>
    </ClInclude>
    <ClInclude Include="rt_vulkan_app.h">
      <Filter>Archivos de encabezado</Filter>
    </ClInclude>
    <ClInclude Include="camera.h">
      <Filter>Archivos de encabezado</Filter>
    </ClInclude>
    <ClInclude Include="texture.h">
      <Filter>Archivos de encabezado</Filter>
    </ClInclude>
    <ClInclude Include="buffer.h">
      <Filter>Archivos de encabezado</Filter>
    </ClInclude>
    <ClInclude Include="util.h">
      <Filter>Archivos de encabezado</Filter>
    </ClInclude>
    <ClInclude Include="command.h">
      <Filter>Archivos de encabezado</Filter>
    </ClInclude>
    <ClInclude Include="cube_map.h">
      <Filter>Archivos de encabezado</Filter>
    </ClInclude>
    <ClInclude Include="texture_2D.h">
      <Filter>Archivos de encabezado</Filter>
    </ClInclude>
    <ClInclude Include="..\libraries\imgui\imconfig.h">
      <Filter>Archivos de encabezado</Filter>
    </ClInclude>
    <ClInclude Include="..\libraries\imgui\imgui.h">
      <Filter>Archivos de encabezado</Filter>
    </ClInclude>
    <ClInclude Include="..\libraries\imgui\imgui_internal.h">
      <Filter>Archivos de encabezado</Filter>
    </ClInclude>
    <ClInclude Include="..\libraries\imgui\backends\imgui_impl_glfw.h">
      <Filter>Archivos de encabezado</Filter>
    </ClInclude>
    <ClInclude Include="..\libraries\imgui\backends\imgui_impl_vulkan.h">
      <Filter>Archivos de encabezado</Filter>
    </ClInclude>
    <ClInclude Include="material.h">
      <Filter>Archivos de encabezado</Filter>
    </ClInclude>
    <ClInclude Include="ui.h">
      <Filter>Archivos de encabezado</Filter>
    </ClInclude>
    <ClInclude Include="state.h">
      <Filter>Archivos de encabezado</Filter>
    </ClInclude>
  </ItemGroup>
</Project>